// !$*UTF8*$!
{
	archiveVersion = 1;
	classes = {
	};
	objectVersion = 50;
	objects = {

/* Begin PBXBuildFile section */
		E00B2EFB2556A993008FFF66 /* simpleMVVMApp.swift in Sources */ = {isa = PBXBuildFile; fileRef = E00B2EFA2556A993008FFF66 /* simpleMVVMApp.swift */; };
		E00B2EFD2556A993008FFF66 /* ContentView.swift in Sources */ = {isa = PBXBuildFile; fileRef = E00B2EFC2556A993008FFF66 /* ContentView.swift */; };
		E00B2EFF2556A994008FFF66 /* Assets.xcassets in Resources */ = {isa = PBXBuildFile; fileRef = E00B2EFE2556A994008FFF66 /* Assets.xcassets */; };
		E00B2F022556A994008FFF66 /* Preview Assets.xcassets in Resources */ = {isa = PBXBuildFile; fileRef = E00B2F012556A994008FFF66 /* Preview Assets.xcassets */; };
		E00B2F262556B914008FFF66 /* APIService.swift in Sources */ = {isa = PBXBuildFile; fileRef = E00B2F252556B914008FFF66 /* APIService.swift */; };
		E00B2F2A2556B9D1008FFF66 /* APIServiceError.swift in Sources */ = {isa = PBXBuildFile; fileRef = E00B2F292556B9D1008FFF66 /* APIServiceError.swift */; };
		E00B2F2D2556BD27008FFF66 /* Tracker.swift in Sources */ = {isa = PBXBuildFile; fileRef = E00B2F2C2556BD27008FFF66 /* Tracker.swift */; };
		E00B2F302556BDF5008FFF66 /* SimpleRequest.swift in Sources */ = {isa = PBXBuildFile; fileRef = E00B2F2F2556BDF5008FFF66 /* SimpleRequest.swift */; };
		E00B2F362556BE64008FFF66 /* ExperimentService.swift in Sources */ = {isa = PBXBuildFile; fileRef = E00B2F352556BE64008FFF66 /* ExperimentService.swift */; };
		E00B2F3F2556BEC5008FFF66 /* AnySubscription.swift in Sources */ = {isa = PBXBuildFile; fileRef = E00B2F3E2556BEC5008FFF66 /* AnySubscription.swift */; };
		E00B2F432556C184008FFF66 /* SimpleView.swift in Sources */ = {isa = PBXBuildFile; fileRef = E00B2F422556C184008FFF66 /* SimpleView.swift */; };
		E00B2F462556C198008FFF66 /* SimpleViewModel.swift in Sources */ = {isa = PBXBuildFile; fileRef = E00B2F452556C198008FFF66 /* SimpleViewModel.swift */; };
		E00B2F4A2556C3CA008FFF66 /* SimpleResponse.swift in Sources */ = {isa = PBXBuildFile; fileRef = E00B2F492556C3CA008FFF66 /* SimpleResponse.swift */; };
/* End PBXBuildFile section */

/* Begin PBXFileReference section */
		E00B2EF72556A993008FFF66 /* simpleMVVM.app */ = {isa = PBXFileReference; explicitFileType = wrapper.application; includeInIndex = 0; path = simpleMVVM.app; sourceTree = BUILT_PRODUCTS_DIR; };
		E00B2EFA2556A993008FFF66 /* simpleMVVMApp.swift */ = {isa = PBXFileReference; lastKnownFileType = sourcecode.swift; path = simpleMVVMApp.swift; sourceTree = "<group>"; };
		E00B2EFC2556A993008FFF66 /* ContentView.swift */ = {isa = PBXFileReference; lastKnownFileType = sourcecode.swift; path = ContentView.swift; sourceTree = "<group>"; };
		E00B2EFE2556A994008FFF66 /* Assets.xcassets */ = {isa = PBXFileReference; lastKnownFileType = folder.assetcatalog; path = Assets.xcassets; sourceTree = "<group>"; };
		E00B2F012556A994008FFF66 /* Preview Assets.xcassets */ = {isa = PBXFileReference; lastKnownFileType = folder.assetcatalog; path = "Preview Assets.xcassets"; sourceTree = "<group>"; };
		E00B2F032556A994008FFF66 /* Info.plist */ = {isa = PBXFileReference; lastKnownFileType = text.plist.xml; path = Info.plist; sourceTree = "<group>"; };
		E00B2F252556B914008FFF66 /* APIService.swift */ = {isa = PBXFileReference; lastKnownFileType = sourcecode.swift; path = APIService.swift; sourceTree = "<group>"; };
		E00B2F292556B9D1008FFF66 /* APIServiceError.swift */ = {isa = PBXFileReference; lastKnownFileType = sourcecode.swift; path = APIServiceError.swift; sourceTree = "<group>"; };
		E00B2F2C2556BD27008FFF66 /* Tracker.swift */ = {isa = PBXFileReference; lastKnownFileType = sourcecode.swift; path = Tracker.swift; sourceTree = "<group>"; };
		E00B2F2F2556BDF5008FFF66 /* SimpleRequest.swift */ = {isa = PBXFileReference; lastKnownFileType = sourcecode.swift; path = SimpleRequest.swift; sourceTree = "<group>"; };
		E00B2F352556BE64008FFF66 /* ExperimentService.swift */ = {isa = PBXFileReference; lastKnownFileType = sourcecode.swift; path = ExperimentService.swift; sourceTree = "<group>"; };
		E00B2F3E2556BEC5008FFF66 /* AnySubscription.swift */ = {isa = PBXFileReference; lastKnownFileType = sourcecode.swift; path = AnySubscription.swift; sourceTree = "<group>"; };
		E00B2F422556C184008FFF66 /* SimpleView.swift */ = {isa = PBXFileReference; lastKnownFileType = sourcecode.swift; path = SimpleView.swift; sourceTree = "<group>"; };
		E00B2F452556C198008FFF66 /* SimpleViewModel.swift */ = {isa = PBXFileReference; lastKnownFileType = sourcecode.swift; path = SimpleViewModel.swift; sourceTree = "<group>"; };
		E00B2F492556C3CA008FFF66 /* SimpleResponse.swift */ = {isa = PBXFileReference; lastKnownFileType = sourcecode.swift; path = SimpleResponse.swift; sourceTree = "<group>"; };
/* End PBXFileReference section */

/* Begin PBXFrameworksBuildPhase section */
		E00B2EF42556A993008FFF66 /* Frameworks */ = {
			isa = PBXFrameworksBuildPhase;
			buildActionMask = 2147483647;
			files = (
			);
			runOnlyForDeploymentPostprocessing = 0;
		};
/* End PBXFrameworksBuildPhase section */

/* Begin PBXGroup section */
		E00B2EEE2556A993008FFF66 = {
			isa = PBXGroup;
			children = (
				E00B2EF92556A993008FFF66 /* simpleMVVM */,
				E00B2EF82556A993008FFF66 /* Products */,
			);
			sourceTree = "<group>";
		};
		E00B2EF82556A993008FFF66 /* Products */ = {
			isa = PBXGroup;
			children = (
				E00B2EF72556A993008FFF66 /* simpleMVVM.app */,
			);
			name = Products;
			sourceTree = "<group>";
		};
		E00B2EF92556A993008FFF66 /* simpleMVVM */ = {
			isa = PBXGroup;
			children = (
				E00B2F232556B8F2008FFF66 /* Services */,
				E00B2F222556B8ED008FFF66 /* Models */,
				E00B2F1B2556B528008FFF66 /* Views */,
				E00B2F212556B8E5008FFF66 /* ViewModels */,
				E00B2EFA2556A993008FFF66 /* simpleMVVMApp.swift */,
				E00B2EFE2556A994008FFF66 /* Assets.xcassets */,
				E00B2F032556A994008FFF66 /* Info.plist */,
				E00B2F002556A994008FFF66 /* Preview Content */,
			);
			path = simpleMVVM;
			sourceTree = "<group>";
		};
		E00B2F002556A994008FFF66 /* Preview Content */ = {
			isa = PBXGroup;
			children = (
				E00B2F012556A994008FFF66 /* Preview Assets.xcassets */,
			);
			path = "Preview Content";
			sourceTree = "<group>";
		};
		E00B2F1B2556B528008FFF66 /* Views */ = {
			isa = PBXGroup;
			children = (
				E00B2EFC2556A993008FFF66 /* ContentView.swift */,
				E00B2F422556C184008FFF66 /* SimpleView.swift */,
			);
			path = Views;
			sourceTree = "<group>";
		};
		E00B2F212556B8E5008FFF66 /* ViewModels */ = {
			isa = PBXGroup;
			children = (
				E00B2F452556C198008FFF66 /* SimpleViewModel.swift */,
			);
			path = ViewModels;
			sourceTree = "<group>";
		};
		E00B2F222556B8ED008FFF66 /* Models */ = {
			isa = PBXGroup;
			children = (
				E00B2F3E2556BEC5008FFF66 /* AnySubscription.swift */,
				E00B2F492556C3CA008FFF66 /* SimpleResponse.swift */,
			);
			path = Models;
			sourceTree = "<group>";
		};
		E00B2F232556B8F2008FFF66 /* Services */ = {
			isa = PBXGroup;
			children = (
				E00B2F252556B914008FFF66 /* APIService.swift */,
				E00B2F292556B9D1008FFF66 /* APIServiceError.swift */,
				E00B2F2C2556BD27008FFF66 /* Tracker.swift */,
				E00B2F352556BE64008FFF66 /* ExperimentService.swift */,
				E00B2F532556C5F0008FFF66 /* Request */,
			);
			path = Services;
			sourceTree = "<group>";
		};
		E00B2F532556C5F0008FFF66 /* Request */ = {
			isa = PBXGroup;
			children = (
				E00B2F2F2556BDF5008FFF66 /* SimpleRequest.swift */,
			);
			name = Request;
			sourceTree = "<group>";
		};
/* End PBXGroup section */

/* Begin PBXNativeTarget section */
		E00B2EF62556A993008FFF66 /* simpleMVVM */ = {
			isa = PBXNativeTarget;
			buildConfigurationList = E00B2F062556A994008FFF66 /* Build configuration list for PBXNativeTarget "simpleMVVM" */;
			buildPhases = (
				E00B2EF32556A993008FFF66 /* Sources */,
				E00B2EF42556A993008FFF66 /* Frameworks */,
				E00B2EF52556A993008FFF66 /* Resources */,
			);
			buildRules = (
			);
			dependencies = (
			);
			name = simpleMVVM;
			productName = simpleMVVM;
			productReference = E00B2EF72556A993008FFF66 /* simpleMVVM.app */;
			productType = "com.apple.product-type.application";
		};
/* End PBXNativeTarget section */

/* Begin PBXProject section */
		E00B2EEF2556A993008FFF66 /* Project object */ = {
			isa = PBXProject;
			attributes = {
				LastSwiftUpdateCheck = 1210;
				LastUpgradeCheck = 1210;
				TargetAttributes = {
					E00B2EF62556A993008FFF66 = {
						CreatedOnToolsVersion = 12.1;
					};
				};
			};
			buildConfigurationList = E00B2EF22556A993008FFF66 /* Build configuration list for PBXProject "simpleMVVM" */;
			compatibilityVersion = "Xcode 9.3";
			developmentRegion = en;
			hasScannedForEncodings = 0;
			knownRegions = (
				en,
				Base,
			);
			mainGroup = E00B2EEE2556A993008FFF66;
			productRefGroup = E00B2EF82556A993008FFF66 /* Products */;
			projectDirPath = "";
			projectRoot = "";
			targets = (
				E00B2EF62556A993008FFF66 /* simpleMVVM */,
			);
		};
/* End PBXProject section */

/* Begin PBXResourcesBuildPhase section */
		E00B2EF52556A993008FFF66 /* Resources */ = {
			isa = PBXResourcesBuildPhase;
			buildActionMask = 2147483647;
			files = (
				E00B2F022556A994008FFF66 /* Preview Assets.xcassets in Resources */,
				E00B2EFF2556A994008FFF66 /* Assets.xcassets in Resources */,
			);
			runOnlyForDeploymentPostprocessing = 0;
		};
/* End PBXResourcesBuildPhase section */

/* Begin PBXSourcesBuildPhase section */
		E00B2EF32556A993008FFF66 /* Sources */ = {
			isa = PBXSourcesBuildPhase;
			buildActionMask = 2147483647;
			files = (
				E00B2EFD2556A993008FFF66 /* ContentView.swift in Sources */,
				E00B2F2A2556B9D1008FFF66 /* APIServiceError.swift in Sources */,
				E00B2F2D2556BD27008FFF66 /* Tracker.swift in Sources */,
				E00B2F4A2556C3CA008FFF66 /* SimpleResponse.swift in Sources */,
				E00B2F432556C184008FFF66 /* SimpleView.swift in Sources */,
				E00B2F362556BE64008FFF66 /* ExperimentService.swift in Sources */,
				E00B2F462556C198008FFF66 /* SimpleViewModel.swift in Sources */,
				E00B2F302556BDF5008FFF66 /* SimpleRequest.swift in Sources */,
				E00B2EFB2556A993008FFF66 /* simpleMVVMApp.swift in Sources */,
				E00B2F3F2556BEC5008FFF66 /* AnySubscription.swift in Sources */,
				E00B2F262556B914008FFF66 /* APIService.swift in Sources */,
			);
			runOnlyForDeploymentPostprocessing = 0;
		};
/* End PBXSourcesBuildPhase section */

/* Begin XCBuildConfiguration section */
		E00B2F042556A994008FFF66 /* Debug */ = {
			isa = XCBuildConfiguration;
			buildSettings = {
				ALWAYS_SEARCH_USER_PATHS = NO;
				CLANG_ANALYZER_NONNULL = YES;
				CLANG_ANALYZER_NUMBER_OBJECT_CONVERSION = YES_AGGRESSIVE;
				CLANG_CXX_LANGUAGE_STANDARD = "gnu++14";
				CLANG_CXX_LIBRARY = "libc++";
				CLANG_ENABLE_MODULES = YES;
				CLANG_ENABLE_OBJC_ARC = YES;
				CLANG_ENABLE_OBJC_WEAK = YES;
				CLANG_WARN_BLOCK_CAPTURE_AUTORELEASING = YES;
				CLANG_WARN_BOOL_CONVERSION = YES;
				CLANG_WARN_COMMA = YES;
				CLANG_WARN_CONSTANT_CONVERSION = YES;
				CLANG_WARN_DEPRECATED_OBJC_IMPLEMENTATIONS = YES;
				CLANG_WARN_DIRECT_OBJC_ISA_USAGE = YES_ERROR;
				CLANG_WARN_DOCUMENTATION_COMMENTS = YES;
				CLANG_WARN_EMPTY_BODY = YES;
				CLANG_WARN_ENUM_CONVERSION = YES;
				CLANG_WARN_INFINITE_RECURSION = YES;
				CLANG_WARN_INT_CONVERSION = YES;
				CLANG_WARN_NON_LITERAL_NULL_CONVERSION = YES;
				CLANG_WARN_OBJC_IMPLICIT_RETAIN_SELF = YES;
				CLANG_WARN_OBJC_LITERAL_CONVERSION = YES;
				CLANG_WARN_OBJC_ROOT_CLASS = YES_ERROR;
				CLANG_WARN_QUOTED_INCLUDE_IN_FRAMEWORK_HEADER = YES;
				CLANG_WARN_RANGE_LOOP_ANALYSIS = YES;
				CLANG_WARN_STRICT_PROTOTYPES = YES;
				CLANG_WARN_SUSPICIOUS_MOVE = YES;
				CLANG_WARN_UNGUARDED_AVAILABILITY = YES_AGGRESSIVE;
				CLANG_WARN_UNREACHABLE_CODE = YES;
				CLANG_WARN__DUPLICATE_METHOD_MATCH = YES;
				COPY_PHASE_STRIP = NO;
				DEBUG_INFORMATION_FORMAT = dwarf;
				ENABLE_STRICT_OBJC_MSGSEND = YES;
				ENABLE_TESTABILITY = YES;
				GCC_C_LANGUAGE_STANDARD = gnu11;
				GCC_DYNAMIC_NO_PIC = NO;
				GCC_NO_COMMON_BLOCKS = YES;
				GCC_OPTIMIZATION_LEVEL = 0;
				GCC_PREPROCESSOR_DEFINITIONS = (
					"DEBUG=1",
					"$(inherited)",
				);
				GCC_WARN_64_TO_32_BIT_CONVERSION = YES;
				GCC_WARN_ABOUT_RETURN_TYPE = YES_ERROR;
				GCC_WARN_UNDECLARED_SELECTOR = YES;
				GCC_WARN_UNINITIALIZED_AUTOS = YES_AGGRESSIVE;
				GCC_WARN_UNUSED_FUNCTION = YES;
				GCC_WARN_UNUSED_VARIABLE = YES;
				IPHONEOS_DEPLOYMENT_TARGET = 14.1;
				MTL_ENABLE_DEBUG_INFO = INCLUDE_SOURCE;
				MTL_FAST_MATH = YES;
				ONLY_ACTIVE_ARCH = YES;
				SDKROOT = iphoneos;
				SWIFT_ACTIVE_COMPILATION_CONDITIONS = DEBUG;
				SWIFT_OPTIMIZATION_LEVEL = "-Onone";
			};
			name = Debug;
		};
		E00B2F052556A994008FFF66 /* Release */ = {
			isa = XCBuildConfiguration;
			buildSettings = {
				ALWAYS_SEARCH_USER_PATHS = NO;
				CLANG_ANALYZER_NONNULL = YES;
				CLANG_ANALYZER_NUMBER_OBJECT_CONVERSION = YES_AGGRESSIVE;
				CLANG_CXX_LANGUAGE_STANDARD = "gnu++14";
				CLANG_CXX_LIBRARY = "libc++";
				CLANG_ENABLE_MODULES = YES;
				CLANG_ENABLE_OBJC_ARC = YES;
				CLANG_ENABLE_OBJC_WEAK = YES;
				CLANG_WARN_BLOCK_CAPTURE_AUTORELEASING = YES;
				CLANG_WARN_BOOL_CONVERSION = YES;
				CLANG_WARN_COMMA = YES;
				CLANG_WARN_CONSTANT_CONVERSION = YES;
				CLANG_WARN_DEPRECATED_OBJC_IMPLEMENTATIONS = YES;
				CLANG_WARN_DIRECT_OBJC_ISA_USAGE = YES_ERROR;
				CLANG_WARN_DOCUMENTATION_COMMENTS = YES;
				CLANG_WARN_EMPTY_BODY = YES;
				CLANG_WARN_ENUM_CONVERSION = YES;
				CLANG_WARN_INFINITE_RECURSION = YES;
				CLANG_WARN_INT_CONVERSION = YES;
				CLANG_WARN_NON_LITERAL_NULL_CONVERSION = YES;
				CLANG_WARN_OBJC_IMPLICIT_RETAIN_SELF = YES;
				CLANG_WARN_OBJC_LITERAL_CONVERSION = YES;
				CLANG_WARN_OBJC_ROOT_CLASS = YES_ERROR;
				CLANG_WARN_QUOTED_INCLUDE_IN_FRAMEWORK_HEADER = YES;
				CLANG_WARN_RANGE_LOOP_ANALYSIS = YES;
				CLANG_WARN_STRICT_PROTOTYPES = YES;
				CLANG_WARN_SUSPICIOUS_MOVE = YES;
				CLANG_WARN_UNGUARDED_AVAILABILITY = YES_AGGRESSIVE;
				CLANG_WARN_UNREACHABLE_CODE = YES;
				CLANG_WARN__DUPLICATE_METHOD_MATCH = YES;
				COPY_PHASE_STRIP = NO;
				DEBUG_INFORMATION_FORMAT = "dwarf-with-dsym";
				ENABLE_NS_ASSERTIONS = NO;
				ENABLE_STRICT_OBJC_MSGSEND = YES;
				GCC_C_LANGUAGE_STANDARD = gnu11;
				GCC_NO_COMMON_BLOCKS = YES;
				GCC_WARN_64_TO_32_BIT_CONVERSION = YES;
				GCC_WARN_ABOUT_RETURN_TYPE = YES_ERROR;
				GCC_WARN_UNDECLARED_SELECTOR = YES;
				GCC_WARN_UNINITIALIZED_AUTOS = YES_AGGRESSIVE;
				GCC_WARN_UNUSED_FUNCTION = YES;
				GCC_WARN_UNUSED_VARIABLE = YES;
				IPHONEOS_DEPLOYMENT_TARGET = 14.1;
				MTL_ENABLE_DEBUG_INFO = NO;
				MTL_FAST_MATH = YES;
				SDKROOT = iphoneos;
				SWIFT_COMPILATION_MODE = wholemodule;
				SWIFT_OPTIMIZATION_LEVEL = "-O";
				VALIDATE_PRODUCT = YES;
			};
			name = Release;
		};
		E00B2F072556A994008FFF66 /* Debug */ = {
			isa = XCBuildConfiguration;
			buildSettings = {
				ASSETCATALOG_COMPILER_APPICON_NAME = AppIcon;
				ASSETCATALOG_COMPILER_GLOBAL_ACCENT_COLOR_NAME = AccentColor;
				CODE_SIGN_STYLE = Automatic;
				DEVELOPMENT_ASSET_PATHS = "\"simpleMVVM/Preview Content\"";
				DEVELOPMENT_TEAM = 94R4GZ63X7;
				ENABLE_PREVIEWS = YES;
				INFOPLIST_FILE = simpleMVVM/Info.plist;
				IPHONEOS_DEPLOYMENT_TARGET = 14.0;
				LD_RUNPATH_SEARCH_PATHS = (
					"$(inherited)",
					"@executable_path/Frameworks",
				);
				PRODUCT_BUNDLE_IDENTIFIER = s.qoo.simpleMVVM;
				PRODUCT_NAME = "$(TARGET_NAME)";
				SWIFT_VERSION = 5.0;
				TARGETED_DEVICE_FAMILY = "1,2";
			};
			name = Debug;
		};
		E00B2F082556A994008FFF66 /* Release */ = {
			isa = XCBuildConfiguration;
			buildSettings = {
				ASSETCATALOG_COMPILER_APPICON_NAME = AppIcon;
				ASSETCATALOG_COMPILER_GLOBAL_ACCENT_COLOR_NAME = AccentColor;
				CODE_SIGN_STYLE = Automatic;
				DEVELOPMENT_ASSET_PATHS = "\"simpleMVVM/Preview Content\"";
				DEVELOPMENT_TEAM = 94R4GZ63X7;
				ENABLE_PREVIEWS = YES;
				INFOPLIST_FILE = simpleMVVM/Info.plist;
				IPHONEOS_DEPLOYMENT_TARGET = 14.0;
				LD_RUNPATH_SEARCH_PATHS = (
					"$(inherited)",
					"@executable_path/Frameworks",
				);
				PRODUCT_BUNDLE_IDENTIFIER = s.qoo.simpleMVVM;
				PRODUCT_NAME = "$(TARGET_NAME)";
				SWIFT_VERSION = 5.0;
				TARGETED_DEVICE_FAMILY = "1,2";
			};
			name = Release;
		};
/* End XCBuildConfiguration section */

/* Begin XCConfigurationList section */
		E00B2EF22556A993008FFF66 /* Build configuration list for PBXProject "simpleMVVM" */ = {
			isa = XCConfigurationList;
			buildConfigurations = (
				E00B2F042556A994008FFF66 /* Debug */,
				E00B2F052556A994008FFF66 /* Release */,
			);
			defaultConfigurationIsVisible = 0;
			defaultConfigurationName = Release;
		};
		E00B2F062556A994008FFF66 /* Build configuration list for PBXNativeTarget "simpleMVVM" */ = {
			isa = XCConfigurationList;
			buildConfigurations = (
				E00B2F072556A994008FFF66 /* Debug */,
				E00B2F082556A994008FFF66 /* Release */,
			);
			defaultConfigurationIsVisible = 0;
			defaultConfigurationName = Release;
		};
/* End XCConfigurationList section */
	};
	rootObject = E00B2EEF2556A993008FFF66 /* Project object */;
}
